
Microsoft Visual Studio Solution File, Format Version 12.00
# Visual Studio Version 17
VisualStudioVersion = 17.9.34902.65
MinimumVisualStudioVersion = 10.0.40219.1
Project("{FAE04EC0-301F-11D3-BF4B-00C04F79EFBC}") = "LH-Controls", "LH-Controls\LH-Controls.csproj", "{2CA938D4-2759-47AA-BA39-4566DE2508B0}"
EndProject
Project("{FAE04EC0-301F-11D3-BF4B-00C04F79EFBC}") = "ControlTestApp", "ControlTestApp\ControlTestApp.csproj", "{8D90EB4F-A20D-4BC1-A759-1C18D97352F6}"
EndProject
Global
	GlobalSection(SolutionConfigurationPlatforms) = preSolution
		Debug|Any CPU = Debug|Any CPU
		Release|Any CPU = Release|Any CPU
	EndGlobalSection
	GlobalSection(ProjectConfigurationPlatforms) = postSolution
		{2CA938D4-2759-47AA-BA39-4566DE2508B0}.Debug|Any CPU.ActiveCfg = Debug|Any CPU
		{2CA938D4-2759-47AA-BA39-4566DE2508B0}.Debug|Any CPU.Build.0 = Debug|Any CPU
		{2CA938D4-2759-47AA-BA39-4566DE2508B0}.Release|Any CPU.ActiveCfg = Release|Any CPU
		{2CA938D4-2759-47AA-BA39-4566DE2508B0}.Release|Any CPU.Build.0 = Release|Any CPU
		{8D90EB4F-A20D-4BC1-A759-1C18D97352F6}.Debug|Any CPU.ActiveCfg = Debug|Any CPU
		{8D90EB4F-A20D-4BC1-A759-1C18D97352F6}.Debug|Any CPU.Build.0 = Debug|Any CPU
		{8D90EB4F-A20D-4BC1-A759-1C18D97352F6}.Release|Any CPU.ActiveCfg = Release|Any CPU
		{8D90EB4F-A20D-4BC1-A759-1C18D97352F6}.Release|Any CPU.Build.0 = Release|Any CPU
	EndGlobalSection
	GlobalSection(SolutionProperties) = preSolution
		HideSolutionNode = FALSE
	EndGlobalSection
	GlobalSection(ExtensibilityGlobals) = postSolution
		SolutionGuid = {E8169C0F-9C4D-4AF6-A13B-8765A71F6F85}
	EndGlobalSection
EndGlobal
